
Microsoft Visual Studio Solution File, Format Version 12.00
# Visual Studio Version 16
VisualStudioVersion = 16.0.30523.141
MinimumVisualStudioVersion = 10.0.40219.1
Project("{FAE04EC0-301F-11D3-BF4B-00C04F79EFBC}") = "DelegateLamdas", "DelegateLamdas\DelegateLamdas.csproj", "{8ADE6E30-E411-42A3-BCF0-D7BE0552E537}"
EndProject
Global
	GlobalSection(SolutionConfigurationPlatforms) = preSolution
		Debug|Any CPU = Debug|Any CPU
		Release|Any CPU = Release|Any CPU
	EndGlobalSection
	GlobalSection(ProjectConfigurationPlatforms) = postSolution
		{8ADE6E30-E411-42A3-BCF0-D7BE0552E537}.Debug|Any CPU.ActiveCfg = Debug|Any CPU
		{8ADE6E30-E411-42A3-BCF0-D7BE0552E537}.Debug|Any CPU.Build.0 = Debug|Any CPU
		{8ADE6E30-E411-42A3-BCF0-D7BE0552E537}.Release|Any CPU.ActiveCfg = Release|Any CPU
		{8ADE6E30-E411-42A3-BCF0-D7BE0552E537}.Release|Any CPU.Build.0 = Release|Any CPU
	EndGlobalSection
	GlobalSection(SolutionProperties) = preSolution
		HideSolutionNode = FALSE
	EndGlobalSection
	GlobalSection(ExtensibilityGlobals) = postSolution
		SolutionGuid = {C8C89D76-B127-4396-851C-8DB10EF09FF7}
	EndGlobalSection
EndGlobal
